
Microsoft Visual Studio Solution File, Format Version 12.00
# Visual Studio Version 17
VisualStudioVersion = 17.7.34024.191
MinimumVisualStudioVersion = 10.0.40219.1
Project("{FAE04EC0-301F-11D3-BF4B-00C04F79EFBC}") = "WebAppUsers", "WebAppUsers\WebAppUsers.csproj", "{407F1FE5-39E1-42D5-8909-9ECFC15F3852}"
EndProject
Global
	GlobalSection(SolutionConfigurationPlatforms) = preSolution
		Debug|Any CPU = Debug|Any CPU
		Release|Any CPU = Release|Any CPU
	EndGlobalSection
	GlobalSection(ProjectConfigurationPlatforms) = postSolution
		{407F1FE5-39E1-42D5-8909-9ECFC15F3852}.Debug|Any CPU.ActiveCfg = Debug|Any CPU
		{407F1FE5-39E1-42D5-8909-9ECFC15F3852}.Debug|Any CPU.Build.0 = Debug|Any CPU
		{407F1FE5-39E1-42D5-8909-9ECFC15F3852}.Release|Any CPU.ActiveCfg = Release|Any CPU
		{407F1FE5-39E1-42D5-8909-9ECFC15F3852}.Release|Any CPU.Build.0 = Release|Any CPU
	EndGlobalSection
	GlobalSection(SolutionProperties) = preSolution
		HideSolutionNode = FALSE
	EndGlobalSection
	GlobalSection(ExtensibilityGlobals) = postSolution
		SolutionGuid = {63916021-5BA9-4740-BC08-7337396C3B18}
	EndGlobalSection
EndGlobal
